<?xml version="1.0" encoding="utf-8"?>
<Project ToolsVersion="4.0" xmlns="http://schemas.microsoft.com/developer/msbuild/2003">
  <ItemGroup>
    <Filter Include="Source Files">
      <UniqueIdentifier>{4FC737F1-C7A5-4376-A066-2A32D752A2FF}</UniqueIdentifier>
      <Extensions>cpp;c;cc;cxx;def;odl;idl;hpj;bat;asm;asmx</Extensions>
    </Filter>
    <Filter Include="Header Files">
      <UniqueIdentifier>{93995380-89BD-4b04-88EB-625FBE52EBFB}</UniqueIdentifier>
      <Extensions>h;hpp;hxx;hm;inl;inc;xsd</Extensions>
    </Filter>
    <Filter Include="Resource Files">
      <UniqueIdentifier>{67DA6AB6-F800-4c08-8B7A-83BB121AAD01}</UniqueIdentifier>
      <Extensions>rc;ico;cur;bmp;dlg;rc2;rct;bin;rgs;gif;jpg;jpeg;jpe;resx;tiff;tif;png;wav</Extensions>
    </Filter>
    <Filter Include="External Libraries">
      <UniqueIdentifier>{b4518446-8356-4ba7-9708-8334456a6d07}</UniqueIdentifier>
    </Filter>
    <Filter Include="External Libraries\sqlite">
      <UniqueIdentifier>{40bbb8a7-db43-43fa-b96a-211411e7ce28}</UniqueIdentifier>
    </Filter>
    <Filter Include="External Libraries\sqlite\Header Files">
      <UniqueIdentifier>{d16c78dd-303d-41c1-a9e4-c23dcb8d7607}</UniqueIdentifier>
    </Filter>
    <Filter Include="External Libraries\sqlite\Source Files">
      <UniqueIdentifier>{08d96faa-20a0-43a6-a2bd-d76cbe3188fa}</UniqueIdentifier>
    </Filter>
    <Filter Include="External Libraries\zlib">
      <UniqueIdentifier>{356e490d-6e89-402a-b380-36a595137579}</UniqueIdentifier>
    </Filter>
    <Filter Include="External Libraries\zlib\Header Files">
      <UniqueIdentifier>{940811cb-7dcf-4f98-92f5-243c11383233}</UniqueIdentifier>
    </Filter>
    <Filter Include="External Libraries\zlib\Source Files">
      <UniqueIdentifier>{d57e5769-a398-4e44-88ab-54d6790824c7}</UniqueIdentifier>
    </Filter>
  </ItemGroup>
  <ItemGroup>
    <ClCompile Include="AssemblyInfo.cpp">
      <Filter>Source Files</Filter>
    </ClCompile>
    <ClCompile Include="DatabaseExtensions.cpp">
      <Filter>Source Files</Filter>
    </ClCompile>
    <ClCompile Include="DatabaseHandle.cpp">
      <Filter>Source Files</Filter>
    </ClCompile>
    <ClCompile Include="ObjectTracker.cpp">
      <Filter>Source Files</Filter>
    </ClCompile>
    <ClCompile Include="StatementHandle.cpp">
      <Filter>Source Files</Filter>
    </ClCompile>
    <ClCompile Include="stdafx.cpp">
      <Filter>Source Files</Filter>
    </ClCompile>
    <ClCompile Include="zDBAggregateCollection.cpp">
      <Filter>Source Files</Filter>
    </ClCompile>
    <ClCompile Include="zDBArgument.cpp">
      <Filter>Source Files</Filter>
    </ClCompile>
    <ClCompile Include="zDBBinaryReader.cpp">
      <Filter>Source Files</Filter>
    </ClCompile>
    <ClCompile Include="zDBBinaryStream.cpp">
      <Filter>Source Files</Filter>
    </ClCompile>
    <ClCompile Include="zDBCollationCollection.cpp">
      <Filter>Source Files</Filter>
    </ClCompile>
    <ClCompile Include="zDBCollationWrapper.cpp">
      <Filter>Source Files</Filter>
    </ClCompile>
    <ClCompile Include="zDBCommand.cpp">
      <Filter>Source Files</Filter>
    </ClCompile>
    <ClCompile Include="zDBCommandBuilder.cpp">
      <Filter>Source Files</Filter>
    </ClCompile>
    <ClCompile Include="zDBConnection.cpp">
      <Filter>Source Files</Filter>
    </ClCompile>
    <ClCompile Include="zDBConnectionHook.cpp">
      <Filter>Source Files</Filter>
    </ClCompile>
    <ClCompile Include="zDBConnectionHooks.cpp">
      <Filter>Source Files</Filter>
    </ClCompile>
    <ClCompile Include="zDBConnectionStringBuilder.cpp">
      <Filter>Source Files</Filter>
    </ClCompile>
    <ClCompile Include="zDBCryptoKey.cpp">
      <Filter>Source Files</Filter>
    </ClCompile>
    <ClCompile Include="zDBDataAdapter.cpp">
      <Filter>Source Files</Filter>
    </ClCompile>
    <ClCompile Include="zDBDataReader.cpp">
      <Filter>Source Files</Filter>
    </ClCompile>
    <ClCompile Include="zDBDataSourceEnumerator.cpp">
      <Filter>Source Files</Filter>
    </ClCompile>
    <ClCompile Include="zDBEventArgs.cpp">
      <Filter>Source Files</Filter>
    </ClCompile>
    <ClCompile Include="zDBException.cpp">
      <Filter>Source Files</Filter>
    </ClCompile>
    <ClCompile Include="zDBExceptions.cpp">
      <Filter>Source Files</Filter>
    </ClCompile>
    <ClCompile Include="zDBFunctionCollection.cpp">
      <Filter>Source Files</Filter>
    </ClCompile>
    <ClCompile Include="zDBFunctionWrapper.cpp">
      <Filter>Source Files</Filter>
    </ClCompile>
    <ClCompile Include="zDBIndexSelectionArgs.cpp">
      <Filter>Source Files</Filter>
    </ClCompile>
    <ClCompile Include="zDBMetaData.cpp">
      <Filter>Source Files</Filter>
    </ClCompile>
    <ClCompile Include="zDBParameter.cpp">
      <Filter>Source Files</Filter>
    </ClCompile>
    <ClCompile Include="zDBParameterCollection.cpp">
      <Filter>Source Files</Filter>
    </ClCompile>
    <ClCompile Include="zDBParameterValue.cpp">
      <Filter>Source Files</Filter>
    </ClCompile>
    <ClCompile Include="zDBPermissionAttribute.cpp">
      <Filter>Source Files</Filter>
    </ClCompile>
    <ClCompile Include="zDBQuery.cpp">
      <Filter>Source Files</Filter>
    </ClCompile>
    <ClCompile Include="zDBResult.cpp">
      <Filter>Source Files</Filter>
    </ClCompile>
    <ClCompile Include="zDBSchemaInfo.cpp">
      <Filter>Source Files</Filter>
    </ClCompile>
    <ClCompile Include="zDBStatement.cpp">
      <Filter>Source Files</Filter>
    </ClCompile>
    <ClCompile Include="zDBStatementMetaData.cpp">
      <Filter>Source Files</Filter>
    </ClCompile>
    <ClCompile Include="zDBTransaction.cpp">
      <Filter>Source Files</Filter>
    </ClCompile>
    <ClCompile Include="zDBType.cpp">
      <Filter>Source Files</Filter>
    </ClCompile>
    <ClCompile Include="zDBUtil.cpp">
      <Filter>Source Files</Filter>
    </ClCompile>
    <ClCompile Include="zDBVirtualTable.cpp">
      <Filter>Source Files</Filter>
    </ClCompile>
    <ClCompile Include="zDBVirtualTableModule.cpp">
      <Filter>Source Files</Filter>
    </ClCompile>
    <ClCompile Include="..\depends\zlib\adler32.c">
      <Filter>External Libraries\zlib\Source Files</Filter>
    </ClCompile>
    <ClCompile Include="..\depends\zlib\compress.c">
      <Filter>External Libraries\zlib\Source Files</Filter>
    </ClCompile>
    <ClCompile Include="..\depends\zlib\deflate.c">
      <Filter>External Libraries\zlib\Source Files</Filter>
    </ClCompile>
    <ClCompile Include="..\depends\zlib\inffast.c">
      <Filter>External Libraries\zlib\Source Files</Filter>
    </ClCompile>
    <ClCompile Include="..\depends\zlib\inflate.c">
      <Filter>External Libraries\zlib\Source Files</Filter>
    </ClCompile>
    <ClCompile Include="..\depends\zlib\inftrees.c">
      <Filter>External Libraries\zlib\Source Files</Filter>
    </ClCompile>
    <ClCompile Include="..\depends\zlib\trees.c">
      <Filter>External Libraries\zlib\Source Files</Filter>
    </ClCompile>
    <ClCompile Include="..\depends\zlib\uncompr.c">
      <Filter>External Libraries\zlib\Source Files</Filter>
    </ClCompile>
    <ClCompile Include="..\depends\zlib\zutil.c">
      <Filter>External Libraries\zlib\Source Files</Filter>
    </ClCompile>
    <ClCompile Include="..\depends\sqlite\sqlite3.c">
      <Filter>External Libraries\sqlite\Source Files</Filter>
    </ClCompile>
    <ClCompile Include="..\tmp\version\version.cpp">
      <Filter>Source Files</Filter>
    </ClCompile>
    <ClCompile Include="..\depends\zlib\crc32.c">
      <Filter>External Libraries\zlib\Source Files</Filter>
    </ClCompile>
  </ItemGroup>
  <ItemGroup>
    <ClInclude Include="AutoAnsiString.h">
      <Filter>Header Files</Filter>
    </ClInclude>
    <ClInclude Include="AutoGCHandle.h">
      <Filter>Header Files</Filter>
    </ClInclude>
    <ClInclude Include="AutoUnicodeString.h">
      <Filter>Header Files</Filter>
    </ClInclude>
    <ClInclude Include="DatabaseExtensions.h">
      <Filter>Header Files</Filter>
    </ClInclude>
    <ClInclude Include="DatabaseHandle.h">
      <Filter>Header Files</Filter>
    </ClInclude>
    <ClInclude Include="FunctionMap.h">
      <Filter>Header Files</Filter>
    </ClInclude>
    <ClInclude Include="GCHandleRef.h">
      <Filter>Header Files</Filter>
    </ClInclude>
    <ClInclude Include="ITrackableObject.h">
      <Filter>Header Files</Filter>
    </ClInclude>
    <ClInclude Include="ObjectTracker.h">
      <Filter>Header Files</Filter>
    </ClInclude>
    <ClInclude Include="StatementHandle.h">
      <Filter>Header Files</Filter>
    </ClInclude>
    <ClInclude Include="stdafx.h">
      <Filter>Header Files</Filter>
    </ClInclude>
    <ClInclude Include="VirtualTable.h">
      <Filter>Header Files</Filter>
    </ClInclude>
    <ClInclude Include="VirtualTableCursor.h">
      <Filter>Header Files</Filter>
    </ClInclude>
    <ClInclude Include="zDBAggregate.h">
      <Filter>Header Files</Filter>
    </ClInclude>
    <ClInclude Include="zDBAggregateCollection.h">
      <Filter>Header Files</Filter>
    </ClInclude>
    <ClInclude Include="zDBAggregateWrapper.h">
      <Filter>Header Files</Filter>
    </ClInclude>
    <ClInclude Include="zDBArgument.h">
      <Filter>Header Files</Filter>
    </ClInclude>
    <ClInclude Include="zDBArgumentCollection.h">
      <Filter>Header Files</Filter>
    </ClInclude>
    <ClInclude Include="zDBBinaryReader.h">
      <Filter>Header Files</Filter>
    </ClInclude>
    <ClInclude Include="zDBBinaryStream.h">
      <Filter>Header Files</Filter>
    </ClInclude>
    <ClInclude Include="zDBCollation.h">
      <Filter>Header Files</Filter>
    </ClInclude>
    <ClInclude Include="zDBCollationCollection.h">
      <Filter>Header Files</Filter>
    </ClInclude>
    <ClInclude Include="zDBCollationWrapper.h">
      <Filter>Header Files</Filter>
    </ClInclude>
    <ClInclude Include="zDBCommand.h">
      <Filter>Header Files</Filter>
    </ClInclude>
    <ClInclude Include="zDBCommandBuilder.h">
      <Filter>Header Files</Filter>
    </ClInclude>
    <ClInclude Include="zDBConnection.h">
      <Filter>Header Files</Filter>
    </ClInclude>
    <ClInclude Include="zDBConnectionHook.h">
      <Filter>Header Files</Filter>
    </ClInclude>
    <ClInclude Include="zDBConnectionHooks.h">
      <Filter>Header Files</Filter>
    </ClInclude>
    <ClInclude Include="zDBConnectionStringBuilder.h">
      <Filter>Header Files</Filter>
    </ClInclude>
    <ClInclude Include="zDBConstants.h">
      <Filter>Header Files</Filter>
    </ClInclude>
    <ClInclude Include="zDBCryptoKey.h">
      <Filter>Header Files</Filter>
    </ClInclude>
    <ClInclude Include="zDBDataAdapter.h">
      <Filter>Header Files</Filter>
    </ClInclude>
    <ClInclude Include="zDBDataReader.h">
      <Filter>Header Files</Filter>
    </ClInclude>
    <ClInclude Include="zDBDataSourceEnumerator.h">
      <Filter>Header Files</Filter>
    </ClInclude>
    <ClInclude Include="zDBDelegates.h">
      <Filter>Header Files</Filter>
    </ClInclude>
    <ClInclude Include="zDBEnumerations.h">
      <Filter>Header Files</Filter>
    </ClInclude>
    <ClInclude Include="zDBEventArgs.h">
      <Filter>Header Files</Filter>
    </ClInclude>
    <ClInclude Include="zDBException.h">
      <Filter>Header Files</Filter>
    </ClInclude>
    <ClInclude Include="zDBExceptions.h">
      <Filter>Header Files</Filter>
    </ClInclude>
    <ClInclude Include="zDBFactory.h">
      <Filter>Header Files</Filter>
    </ClInclude>
    <ClInclude Include="zDBFunction.h">
      <Filter>Header Files</Filter>
    </ClInclude>
    <ClInclude Include="zDBFunctionCollection.h">
      <Filter>Header Files</Filter>
    </ClInclude>
    <ClInclude Include="zDBFunctionWrapper.h">
      <Filter>Header Files</Filter>
    </ClInclude>
    <ClInclude Include="zDBIndexConstraint.h">
      <Filter>Header Files</Filter>
    </ClInclude>
    <ClInclude Include="zDBIndexIdentifier.h">
      <Filter>Header Files</Filter>
    </ClInclude>
    <ClInclude Include="zDBIndexSelectionArgs.h">
      <Filter>Header Files</Filter>
    </ClInclude>
    <ClInclude Include="zDBIndexSortColumn.h">
      <Filter>Header Files</Filter>
    </ClInclude>
    <ClInclude Include="zDBMetaData.h">
      <Filter>Header Files</Filter>
    </ClInclude>
    <ClInclude Include="zDBNonTransactionalVirtualTable.h">
      <Filter>Header Files</Filter>
    </ClInclude>
    <ClInclude Include="zDBParameter.h">
      <Filter>Header Files</Filter>
    </ClInclude>
    <ClInclude Include="zDBParameterCollection.h">
      <Filter>Header Files</Filter>
    </ClInclude>
    <ClInclude Include="zDBParameterValue.h">
      <Filter>Header Files</Filter>
    </ClInclude>
    <ClInclude Include="zDBPermission.h">
      <Filter>Header Files</Filter>
    </ClInclude>
    <ClInclude Include="zDBPermissionAttribute.h">
      <Filter>Header Files</Filter>
    </ClInclude>
    <ClInclude Include="zDBQuery.h">
      <Filter>Header Files</Filter>
    </ClInclude>
    <ClInclude Include="zDBReadOnlyVirtualTable.h">
      <Filter>Header Files</Filter>
    </ClInclude>
    <ClInclude Include="zDBResult.h">
      <Filter>Header Files</Filter>
    </ClInclude>
    <ClInclude Include="zDBSchemaInfo.h">
      <Filter>Header Files</Filter>
    </ClInclude>
    <ClInclude Include="zDBStatement.h">
      <Filter>Header Files</Filter>
    </ClInclude>
    <ClInclude Include="zDBStatementMetaData.h">
      <Filter>Header Files</Filter>
    </ClInclude>
    <ClInclude Include="zDBTemplate.h">
      <Filter>Header Files</Filter>
    </ClInclude>
    <ClInclude Include="zDBTransaction.h">
      <Filter>Header Files</Filter>
    </ClInclude>
    <ClInclude Include="zDBType.h">
      <Filter>Header Files</Filter>
    </ClInclude>
    <ClInclude Include="zDBUtil.h">
      <Filter>Header Files</Filter>
    </ClInclude>
    <ClInclude Include="zDBVirtualTable.h">
      <Filter>Header Files</Filter>
    </ClInclude>
    <ClInclude Include="zDBVirtualTableBase.h">
      <Filter>Header Files</Filter>
    </ClInclude>
    <ClInclude Include="zDBVirtualTableConstructorArgs.h">
      <Filter>Header Files</Filter>
    </ClInclude>
    <ClInclude Include="zDBVirtualTableCursor.h">
      <Filter>Header Files</Filter>
    </ClInclude>
    <ClInclude Include="zDBVirtualTableModule.h">
      <Filter>Header Files</Filter>
    </ClInclude>
    <ClInclude Include="zlibException.h">
      <Filter>Header Files</Filter>
    </ClInclude>
    <ClInclude Include="..\depends\zlib\zconf.h">
      <Filter>External Libraries\zlib\Header Files</Filter>
    </ClInclude>
    <ClInclude Include="..\depends\zlib\zlib.h">
      <Filter>External Libraries\zlib\Header Files</Filter>
    </ClInclude>
    <ClInclude Include="..\depends\sqlite\sqlite3.h">
      <Filter>External Libraries\sqlite\Header Files</Filter>
    </ClInclude>
    <ClInclude Include="..\depends\sqlite\sqlite3ext.h">
      <Filter>External Libraries\sqlite\Header Files</Filter>
    </ClInclude>
  </ItemGroup>
  <ItemGroup>
    <Xml Include="zuki.data.dbms.metadata.xml">
      <Filter>Resource Files</Filter>
    </Xml>
  </ItemGroup>
  <ItemGroup>
    <CustomBuild Include="zuki.data.dbms.metadata.xsd">
      <Filter>Resource Files</Filter>
    </CustomBuild>
  </ItemGroup>
  <ItemGroup>
    <ResourceCompile Include="..\tmp\version\version.rc">
      <Filter>Resource Files</Filter>
    </ResourceCompile>
  </ItemGroup>
</Project>