<?xml version="1.0" encoding="utf-8"?>
<Project ToolsVersion="4.0" xmlns="http://schemas.microsoft.com/developer/msbuild/2003">
  <ItemGroup>
    <Filter Include="Source Files">
      <UniqueIdentifier>{4FC737F1-C7A5-4376-A066-2A32D752A2FF}</UniqueIdentifier>
      <Extensions>cpp;c;cc;cxx;def;odl;idl;hpj;bat;asm;asmx</Extensions>
    </Filter>
    <Filter Include="Header Files">
      <UniqueIdentifier>{93995380-89BD-4b04-88EB-625FBE52EBFB}</UniqueIdentifier>
      <Extensions>h;hpp;hxx;hm;inl;inc;xsd</Extensions>
    </Filter>
    <Filter Include="Resource Files">
      <UniqueIdentifier>{67DA6AB6-F800-4c08-8B7A-83BB121AAD01}</UniqueIdentifier>
      <Extensions>rc;ico;cur;bmp;dlg;rc2;rct;bin;rgs;gif;jpg;jpeg;jpe;resx;tiff;tif;png;wav</Extensions>
    </Filter>
    <Filter Include="External Libraries">
      <UniqueIdentifier>{b4518446-8356-4ba7-9708-8334456a6d07}</UniqueIdentifier>
    </Filter>
    <Filter Include="External Libraries\sqlite">
      <UniqueIdentifier>{40bbb8a7-db43-43fa-b96a-211411e7ce28}</UniqueIdentifier>
    </Filter>
    <Filter Include="External Libraries\sqlite\Header Files">
      <UniqueIdentifier>{d16c78dd-303d-41c1-a9e4-c23dcb8d7607}</UniqueIdentifier>
    </Filter>
    <Filter Include="External Libraries\sqlite\Source Files">
      <UniqueIdentifier>{08d96faa-20a0-43a6-a2bd-d76cbe3188fa}</UniqueIdentifier>
    </Filter>
    <Filter Include="External Libraries\zlib">
      <UniqueIdentifier>{356e490d-6e89-402a-b380-36a595137579}</UniqueIdentifier>
    </Filter>
    <Filter Include="External Libraries\zlib\Header Files">
      <UniqueIdentifier>{940811cb-7dcf-4f98-92f5-243c11383233}</UniqueIdentifier>
    </Filter>
    <Filter Include="External Libraries\zlib\Source Files">
      <UniqueIdentifier>{d57e5769-a398-4e44-88ab-54d6790824c7}</UniqueIdentifier>
    </Filter>
  </ItemGroup>
  <ItemGroup>
    <ClCompile Include="AssemblyInfo.cpp">
      <Filter>Source Files</Filter>
    </ClCompile>
    <ClCompile Include="DatabaseExtensions.cpp">
      <Filter>Source Files</Filter>
    </ClCompile>
    <ClCompile Include="DatabaseHandle.cpp">
      <Filter>Source Files</Filter>
    </ClCompile>
    <ClCompile Include="ObjectTracker.cpp">
      <Filter>Source Files</Filter>
    </ClCompile>
    <ClCompile Include="StatementHandle.cpp">
      <Filter>Source Files</Filter>
    </ClCompile>
    <ClCompile Include="stdafx.cpp">
      <Filter>Source Files</Filter>
    </ClCompile>
    <ClCompile Include="SqliteAggregateCollection.cpp">
      <Filter>Source Files</Filter>
    </ClCompile>
    <ClCompile Include="SqliteArgument.cpp">
      <Filter>Source Files</Filter>
    </ClCompile>
    <ClCompile Include="SqliteBinaryReader.cpp">
      <Filter>Source Files</Filter>
    </ClCompile>
    <ClCompile Include="SqliteBinaryStream.cpp">
      <Filter>Source Files</Filter>
    </ClCompile>
    <ClCompile Include="SqliteCollationCollection.cpp">
      <Filter>Source Files</Filter>
    </ClCompile>
    <ClCompile Include="SqliteCollationWrapper.cpp">
      <Filter>Source Files</Filter>
    </ClCompile>
    <ClCompile Include="SqliteCommand.cpp">
      <Filter>Source Files</Filter>
    </ClCompile>
    <ClCompile Include="SqliteCommandBuilder.cpp">
      <Filter>Source Files</Filter>
    </ClCompile>
    <ClCompile Include="SqliteConnection.cpp">
      <Filter>Source Files</Filter>
    </ClCompile>
    <ClCompile Include="SqliteConnectionHook.cpp">
      <Filter>Source Files</Filter>
    </ClCompile>
    <ClCompile Include="SqliteConnectionHooks.cpp">
      <Filter>Source Files</Filter>
    </ClCompile>
    <ClCompile Include="SqliteConnectionStringBuilder.cpp">
      <Filter>Source Files</Filter>
    </ClCompile>
    <ClCompile Include="SqliteCryptoKey.cpp">
      <Filter>Source Files</Filter>
    </ClCompile>
    <ClCompile Include="SqliteDataAdapter.cpp">
      <Filter>Source Files</Filter>
    </ClCompile>
    <ClCompile Include="SqliteDataReader.cpp">
      <Filter>Source Files</Filter>
    </ClCompile>
    <ClCompile Include="SqliteDataSourceEnumerator.cpp">
      <Filter>Source Files</Filter>
    </ClCompile>
    <ClCompile Include="SqliteEventArgs.cpp">
      <Filter>Source Files</Filter>
    </ClCompile>
    <ClCompile Include="SqliteException.cpp">
      <Filter>Source Files</Filter>
    </ClCompile>
    <ClCompile Include="SqliteExceptions.cpp">
      <Filter>Source Files</Filter>
    </ClCompile>
    <ClCompile Include="SqliteFunctionCollection.cpp">
      <Filter>Source Files</Filter>
    </ClCompile>
    <ClCompile Include="SqliteFunctionWrapper.cpp">
      <Filter>Source Files</Filter>
    </ClCompile>
    <ClCompile Include="SqliteIndexSelectionArgs.cpp">
      <Filter>Source Files</Filter>
    </ClCompile>
    <ClCompile Include="SqliteMetaData.cpp">
      <Filter>Source Files</Filter>
    </ClCompile>
    <ClCompile Include="SqliteParameter.cpp">
      <Filter>Source Files</Filter>
    </ClCompile>
    <ClCompile Include="SqliteParameterCollection.cpp">
      <Filter>Source Files</Filter>
    </ClCompile>
    <ClCompile Include="SqliteParameterValue.cpp">
      <Filter>Source Files</Filter>
    </ClCompile>
    <ClCompile Include="SqlitePermissionAttribute.cpp">
      <Filter>Source Files</Filter>
    </ClCompile>
    <ClCompile Include="SqliteQuery.cpp">
      <Filter>Source Files</Filter>
    </ClCompile>
    <ClCompile Include="SqliteResult.cpp">
      <Filter>Source Files</Filter>
    </ClCompile>
    <ClCompile Include="SqliteSchemaInfo.cpp">
      <Filter>Source Files</Filter>
    </ClCompile>
    <ClCompile Include="SqliteStatement.cpp">
      <Filter>Source Files</Filter>
    </ClCompile>
    <ClCompile Include="SqliteStatementMetaData.cpp">
      <Filter>Source Files</Filter>
    </ClCompile>
    <ClCompile Include="SqliteTransaction.cpp">
      <Filter>Source Files</Filter>
    </ClCompile>
    <ClCompile Include="SqliteType.cpp">
      <Filter>Source Files</Filter>
    </ClCompile>
    <ClCompile Include="SqliteUtil.cpp">
      <Filter>Source Files</Filter>
    </ClCompile>
    <ClCompile Include="SqliteVirtualTable.cpp">
      <Filter>Source Files</Filter>
    </ClCompile>
    <ClCompile Include="SqliteVirtualTableModule.cpp">
      <Filter>Source Files</Filter>
    </ClCompile>
    <ClCompile Include="..\..\depends\zlib\adler32.c">
      <Filter>External Libraries\zlib\Source Files</Filter>
    </ClCompile>
    <ClCompile Include="..\..\depends\zlib\compress.c">
      <Filter>External Libraries\zlib\Source Files</Filter>
    </ClCompile>
    <ClCompile Include="..\..\depends\zlib\deflate.c">
      <Filter>External Libraries\zlib\Source Files</Filter>
    </ClCompile>
    <ClCompile Include="..\..\depends\zlib\inffast.c">
      <Filter>External Libraries\zlib\Source Files</Filter>
    </ClCompile>
    <ClCompile Include="..\..\depends\zlib\inflate.c">
      <Filter>External Libraries\zlib\Source Files</Filter>
    </ClCompile>
    <ClCompile Include="..\..\depends\zlib\inftrees.c">
      <Filter>External Libraries\zlib\Source Files</Filter>
    </ClCompile>
    <ClCompile Include="..\..\depends\zlib\trees.c">
      <Filter>External Libraries\zlib\Source Files</Filter>
    </ClCompile>
    <ClCompile Include="..\..\depends\zlib\uncompr.c">
      <Filter>External Libraries\zlib\Source Files</Filter>
    </ClCompile>
    <ClCompile Include="..\..\depends\zlib\zutil.c">
      <Filter>External Libraries\zlib\Source Files</Filter>
    </ClCompile>
    <ClCompile Include="..\..\depends\sqlite\sqlite3.c">
      <Filter>External Libraries\sqlite\Source Files</Filter>
    </ClCompile>
    <ClCompile Include="..\..\depends\zlib\crc32.c">
      <Filter>External Libraries\zlib\Source Files</Filter>
    </ClCompile>
    <ClCompile Include="..\..\tmp\version\version.cpp">
      <Filter>Source Files</Filter>
    </ClCompile>
  </ItemGroup>
  <ItemGroup>
    <ClInclude Include="AutoAnsiString.h">
      <Filter>Header Files</Filter>
    </ClInclude>
    <ClInclude Include="AutoGCHandle.h">
      <Filter>Header Files</Filter>
    </ClInclude>
    <ClInclude Include="AutoUnicodeString.h">
      <Filter>Header Files</Filter>
    </ClInclude>
    <ClInclude Include="DatabaseExtensions.h">
      <Filter>Header Files</Filter>
    </ClInclude>
    <ClInclude Include="DatabaseHandle.h">
      <Filter>Header Files</Filter>
    </ClInclude>
    <ClInclude Include="FunctionMap.h">
      <Filter>Header Files</Filter>
    </ClInclude>
    <ClInclude Include="GCHandleRef.h">
      <Filter>Header Files</Filter>
    </ClInclude>
    <ClInclude Include="ITrackableObject.h">
      <Filter>Header Files</Filter>
    </ClInclude>
    <ClInclude Include="ObjectTracker.h">
      <Filter>Header Files</Filter>
    </ClInclude>
    <ClInclude Include="StatementHandle.h">
      <Filter>Header Files</Filter>
    </ClInclude>
    <ClInclude Include="stdafx.h">
      <Filter>Header Files</Filter>
    </ClInclude>
    <ClInclude Include="VirtualTable.h">
      <Filter>Header Files</Filter>
    </ClInclude>
    <ClInclude Include="VirtualTableCursor.h">
      <Filter>Header Files</Filter>
    </ClInclude>
    <ClInclude Include="SqliteAggregate.h">
      <Filter>Header Files</Filter>
    </ClInclude>
    <ClInclude Include="SqliteAggregateCollection.h">
      <Filter>Header Files</Filter>
    </ClInclude>
    <ClInclude Include="SqliteAggregateWrapper.h">
      <Filter>Header Files</Filter>
    </ClInclude>
    <ClInclude Include="SqliteArgument.h">
      <Filter>Header Files</Filter>
    </ClInclude>
    <ClInclude Include="SqliteArgumentCollection.h">
      <Filter>Header Files</Filter>
    </ClInclude>
    <ClInclude Include="SqliteBinaryReader.h">
      <Filter>Header Files</Filter>
    </ClInclude>
    <ClInclude Include="SqliteBinaryStream.h">
      <Filter>Header Files</Filter>
    </ClInclude>
    <ClInclude Include="SqliteCollation.h">
      <Filter>Header Files</Filter>
    </ClInclude>
    <ClInclude Include="SqliteCollationCollection.h">
      <Filter>Header Files</Filter>
    </ClInclude>
    <ClInclude Include="SqliteCollationWrapper.h">
      <Filter>Header Files</Filter>
    </ClInclude>
    <ClInclude Include="SqliteCommand.h">
      <Filter>Header Files</Filter>
    </ClInclude>
    <ClInclude Include="SqliteCommandBuilder.h">
      <Filter>Header Files</Filter>
    </ClInclude>
    <ClInclude Include="SqliteConnection.h">
      <Filter>Header Files</Filter>
    </ClInclude>
    <ClInclude Include="SqliteConnectionHook.h">
      <Filter>Header Files</Filter>
    </ClInclude>
    <ClInclude Include="SqliteConnectionHooks.h">
      <Filter>Header Files</Filter>
    </ClInclude>
    <ClInclude Include="SqliteConnectionStringBuilder.h">
      <Filter>Header Files</Filter>
    </ClInclude>
    <ClInclude Include="SqliteConstants.h">
      <Filter>Header Files</Filter>
    </ClInclude>
    <ClInclude Include="SqliteCryptoKey.h">
      <Filter>Header Files</Filter>
    </ClInclude>
    <ClInclude Include="SqliteDataAdapter.h">
      <Filter>Header Files</Filter>
    </ClInclude>
    <ClInclude Include="SqliteDataReader.h">
      <Filter>Header Files</Filter>
    </ClInclude>
    <ClInclude Include="SqliteDataSourceEnumerator.h">
      <Filter>Header Files</Filter>
    </ClInclude>
    <ClInclude Include="SqliteDelegates.h">
      <Filter>Header Files</Filter>
    </ClInclude>
    <ClInclude Include="SqliteEnumerations.h">
      <Filter>Header Files</Filter>
    </ClInclude>
    <ClInclude Include="SqliteEventArgs.h">
      <Filter>Header Files</Filter>
    </ClInclude>
    <ClInclude Include="SqliteException.h">
      <Filter>Header Files</Filter>
    </ClInclude>
    <ClInclude Include="SqliteExceptions.h">
      <Filter>Header Files</Filter>
    </ClInclude>
    <ClInclude Include="SqliteFactory.h">
      <Filter>Header Files</Filter>
    </ClInclude>
    <ClInclude Include="SqliteFunction.h">
      <Filter>Header Files</Filter>
    </ClInclude>
    <ClInclude Include="SqliteFunctionCollection.h">
      <Filter>Header Files</Filter>
    </ClInclude>
    <ClInclude Include="SqliteFunctionWrapper.h">
      <Filter>Header Files</Filter>
    </ClInclude>
    <ClInclude Include="SqliteIndexConstraint.h">
      <Filter>Header Files</Filter>
    </ClInclude>
    <ClInclude Include="SqliteIndexIdentifier.h">
      <Filter>Header Files</Filter>
    </ClInclude>
    <ClInclude Include="SqliteIndexSelectionArgs.h">
      <Filter>Header Files</Filter>
    </ClInclude>
    <ClInclude Include="SqliteIndexSortColumn.h">
      <Filter>Header Files</Filter>
    </ClInclude>
    <ClInclude Include="SqliteMetaData.h">
      <Filter>Header Files</Filter>
    </ClInclude>
    <ClInclude Include="SqliteNonTransactionalVirtualTable.h">
      <Filter>Header Files</Filter>
    </ClInclude>
    <ClInclude Include="SqliteParameter.h">
      <Filter>Header Files</Filter>
    </ClInclude>
    <ClInclude Include="SqliteParameterCollection.h">
      <Filter>Header Files</Filter>
    </ClInclude>
    <ClInclude Include="SqliteParameterValue.h">
      <Filter>Header Files</Filter>
    </ClInclude>
    <ClInclude Include="SqlitePermission.h">
      <Filter>Header Files</Filter>
    </ClInclude>
    <ClInclude Include="SqlitePermissionAttribute.h">
      <Filter>Header Files</Filter>
    </ClInclude>
    <ClInclude Include="SqliteQuery.h">
      <Filter>Header Files</Filter>
    </ClInclude>
    <ClInclude Include="SqliteReadOnlyVirtualTable.h">
      <Filter>Header Files</Filter>
    </ClInclude>
    <ClInclude Include="SqliteResult.h">
      <Filter>Header Files</Filter>
    </ClInclude>
    <ClInclude Include="SqliteSchemaInfo.h">
      <Filter>Header Files</Filter>
    </ClInclude>
    <ClInclude Include="SqliteStatement.h">
      <Filter>Header Files</Filter>
    </ClInclude>
    <ClInclude Include="SqliteStatementMetaData.h">
      <Filter>Header Files</Filter>
    </ClInclude>
    <ClInclude Include="SqliteTemplate.h">
      <Filter>Header Files</Filter>
    </ClInclude>
    <ClInclude Include="SqliteTransaction.h">
      <Filter>Header Files</Filter>
    </ClInclude>
    <ClInclude Include="SqliteType.h">
      <Filter>Header Files</Filter>
    </ClInclude>
    <ClInclude Include="SqliteUtil.h">
      <Filter>Header Files</Filter>
    </ClInclude>
    <ClInclude Include="SqliteVirtualTable.h">
      <Filter>Header Files</Filter>
    </ClInclude>
    <ClInclude Include="SqliteVirtualTableBase.h">
      <Filter>Header Files</Filter>
    </ClInclude>
    <ClInclude Include="SqliteVirtualTableConstructorArgs.h">
      <Filter>Header Files</Filter>
    </ClInclude>
    <ClInclude Include="SqliteVirtualTableCursor.h">
      <Filter>Header Files</Filter>
    </ClInclude>
    <ClInclude Include="SqliteVirtualTableModule.h">
      <Filter>Header Files</Filter>
    </ClInclude>
    <ClInclude Include="zlibException.h">
      <Filter>Header Files</Filter>
    </ClInclude>
    <ClInclude Include="..\..\depends\zlib\zconf.h">
      <Filter>External Libraries\zlib\Header Files</Filter>
    </ClInclude>
    <ClInclude Include="..\..\depends\zlib\zlib.h">
      <Filter>External Libraries\zlib\Header Files</Filter>
    </ClInclude>
    <ClInclude Include="..\..\depends\sqlite\sqlite3.h">
      <Filter>External Libraries\sqlite\Header Files</Filter>
    </ClInclude>
    <ClInclude Include="..\..\depends\sqlite\sqlite3ext.h">
      <Filter>External Libraries\sqlite\Header Files</Filter>
    </ClInclude>
  </ItemGroup>
  <ItemGroup>
    <Xml Include="zuki.data.dbms.metadata.xml">
      <Filter>Resource Files</Filter>
    </Xml>
  </ItemGroup>
  <ItemGroup>
    <CustomBuild Include="zuki.data.dbms.metadata.xsd">
      <Filter>Resource Files</Filter>
    </CustomBuild>
  </ItemGroup>
  <ItemGroup>
    <ResourceCompile Include="..\..\tmp\version\version.rc">
      <Filter>Resource Files</Filter>
    </ResourceCompile>
  </ItemGroup>
</Project>